version = 1
revision = 3
requires-python = ">=3.14"

[options]
exclude-newer = "0001-01-01T00:00:00Z" # This has no effect and is included for backwards compatibility when using relative exclude-newer values.
exclude-newer-span = "PT24H"

[manifest]
requirements = [
    { name = "fonttools", specifier = "==4.64.0" },
    { name = "pillow", specifier = "==12.1.0" },
]

[[package]]
name = "fonttools"
version = "4.64.0"
source = { registry = "https://pypi.org/simple" }
sdist = { url = "https://files.pythonhosted.org/packages/d4/41/0f072a712dc74496e03710e462a18a4cfd8a258ad055a4e22d28b43a7abd/fonttools-4.64.0.tar.gz", hash = "sha256:ecb2e59a7bc692fee64dda6010deb66222335693b30046f15cccf81233aa715f", size = 3664266, upload-time = "2026-08-31T15:44:33.685Z" }
wheels = [
    { url = "https://files.pythonhosted.org/packages/a0/0a/59b9074b8ab165cc28d3e08bcf7a8eff8e1dc5932a5a41c87b15952fa3af/fonttools-4.64.0-cp314-cp314-macosx_10_15_universal2.whl", hash = "sha256:6f1ce9ef9a1b13098efdc2e43a2ed96d9851bbde7b31c652a87552c4efe9b422", size = 3096790, upload-time = "2026-08-31T15:43:21.125Z" },
    { url = "https://files.pythonhosted.org/packages/17/39/af1077a36feefe79f36d67d75aee637a96673c0a74eeb2c6f24266f5a20b/fonttools-4.64.0-cp314-cp314-macosx_10_15_x86_64.whl", hash = "sha256:83cc48d1411d2ff388dab99973dca81172cc9ceae9c9799da9548d494cfb38cb", size = 2584288, upload-time = "2026-08-31T15:43:23.148Z" },
    { url = "https://files.pythonhosted.org/packages/00/c4/1ea58af0eb78264d28e5871bba0810bf0943cd93d641fdeae92553ad3410/fonttools-4.64.0-cp314-cp314-manylinux2014_aarch64.manylinux_2_17_aarch64.manylinux_2_28_aarch64.whl", hash = "sha256:e412767d1c9765cf1b82f7b00f1686c6ca5809ebb77af363b3f9f2325a465c01", size = 5378061, upload-time = "2026-08-31T15:43:25.193Z" },
    { url = "https://files.pythonhosted.org/packages/93/99/5c7e36d770407b66f7fc8378d2bb47f1530d083d8b9247ff011ec9b4dd70/fonttools-4.64.0-cp314-cp314-manylinux2014_x86_64.manylinux_2_17_x86_64.whl", hash = "sha256:b4a7af455ffed980925bc0ebf5b8d6239e6c3e797d9d755b6db192fb3080d614", size = 5319458, upload-time = "2026-08-31T15:43:27.696Z" },
    { url = "https://files.pythonhosted.org/packages/a8/09/89e8d600e92723309d4ddd3944c4ca565197a5df0236ae4115ccbe797375/fonttools-4.64.0-cp314-cp314-musllinux_1_2_aarch64.whl", hash = "sha256:398b14f89ca950b288bd290875f07e4e10685644fa4ac668546fb107b1ada4d4", size = 5316656, upload-time = "2026-08-31T15:43:29.842Z" },
    { url = "https://files.pythonhosted.org/packages/0e/b3/56719ab37e1592ceac89724574146622bedec036a207be80f3c7b1c14cbe/fonttools-4.64.0-cp314-cp314-musllinux_1_2_x86_64.whl", hash = "sha256:dc96150f99e05a317cb1f042b92c4cf8bc93cdb1f9f85717322e202ecdf2e505", size = 5448380, upload-time = "2026-08-31T15:43:32.311Z" },
    { url = "https://files.pythonhosted.org/packages/3b/b0/15951b7e3006073f3260da4f8983732d18903905cfe26daa5138a0bbf682/fonttools-4.64.0-cp314-cp314-win32.whl", hash = "sha256:1c3661324f3f0fa4539a32288a3e0711a5f3ccf020036e760bb558ae9811a16f", size = 2432778, upload-time = "2026-08-31T15:43:34.421Z" },
    { url = "https://files.pythonhosted.org/packages/8e/f3/0c97402b29411f4f6d31b32f2af5b4bcd5babe5a93c64558a8fd3654f140/fonttools-4.64.0-cp314-cp314-win_amd64.whl", hash = "sha256:043f6c572bf236f2a76e762c25f841daea11e8fc03e78088d7be66e0c5b4e4c0", size = 2485394, upload-time = "2026-08-31T15:43:36.506Z" },
    { url = "https://files.pythonhosted.org/packages/00/da/82192c7bee5314f04129a068dddae11082a63295d4e3b5ce08657de96608/fonttools-4.64.0-cp314-cp314t-macosx_10_15_universal2.whl", hash = "sha256:4691a122b8c1d0d82d6e7510ce59d5c42146518240274b53e912e255573924f7", size = 3170118, upload-time = "2026-08-31T15:43:38.579Z" },
    { url = "https://files.pythonhosted.org/packages/42/2d/0b4f608d754f625fecc7d94b3b26af6f65f6ab4527b386bb0c6141cdd9ea/fonttools-4.64.0-cp314-cp314t-macosx_10_15_x86_64.whl", hash = "sha256:3200180abc69639483cf54a17cca2e13c31ede5f665979ea0a9c829d093f372f", size = 2617333, upload-time = "2026-08-31T15:43:40.934Z" },
    { url = "https://files.pythonhosted.org/packages/5e/df/9f7448c38dea05458acfee81c443b14ef97d6d66c636af053d41cf8a32dd/fonttools-4.64.0-cp314-cp314t-manylinux2014_aarch64.manylinux_2_17_aarch64.manylinux_2_28_aarch64.whl", hash = "sha256:53eee22af5b5a305c1ee2652955ed46b148e881456fcec1e7f0eb27f642f6bb4", size = 5542345, upload-time = "2026-08-31T15:43:43.114Z" },
    { url = "https://files.pythonhosted.org/packages/b1/e8/cbf4a81e8be322bc4bee4ba31cd33a7b6336ef8030fa13b53b3e9c09fbf9/fonttools-4.64.0-cp314-cp314t-manylinux2014_x86_64.manylinux_2_17_x86_64.whl", hash = "sha256:08f172961e11f4eb4f80f2f20049e09b0ea8e044fa6d456fed8346eb8588f360", size = 5349981, upload-time = "2026-08-31T15:43:45.363Z" },
    { url = "https://files.pythonhosted.org/packages/d8/dc/106fd9e93e962dbb60482d30c0913af3d108f5762429dfe93265a850bdc5/fonttools-4.64.0-cp314-cp314t-musllinux_1_2_aarch64.whl", hash = "sha256:6eae4376adb104c2acfa76fd9ea0cb12b572ca1d70eceac709871f638ff76e93", size = 5409249, upload-time = "2026-08-31T15:43:47.817Z" },
    { url = "https://files.pythonhosted.org/packages/b0/2d/c7be990abf74c9c5c5367ae3dc65953ffce49fe00f62abd129cf725a2397/fonttools-4.64.0-cp314-cp314t-musllinux_1_2_x86_64.whl", hash = "sha256:2730946ca8f12c356bd98eb9b2b095c8e761ed05bed5afb0d5b380cebe4f6370", size = 5443781, upload-time = "2026-08-31T15:43:49.909Z" },
    { url = "https://files.pythonhosted.org/packages/9b/cc/bffec3dccb9e3f4f6097a2baedaef5a8dec2cb816522ee163e4bb7f54b44/fonttools-4.64.0-cp314-cp314t-win32.whl", hash = "sha256:d30c966bea2deffa19c738c81776f7182da5ccabd97e666bae4f3d6ba87341d9", size = 2466542, upload-time = "2026-08-31T15:43:52.088Z" },
    { url = "https://files.pythonhosted.org/packages/96/49/e31f97dfc94e0648999f04bfccb37a97062d978f87df60654f496942c89f/fonttools-4.64.0-cp314-cp314t-win_amd64.whl", hash = "sha256:917fd520bb60809d83c14d43cfe48d5ad2516abaf2c073d65a431800dade2d29", size = 2516703, upload-time = "2026-08-31T15:43:53.954Z" },
    { url = "https://files.pythonhosted.org/packages/fe/ec/e39b9e56db7dcc859983caa24cf2a36209dd71f6cc8ddbbf00d7342d7988/fonttools-4.64.0-cp315-cp315-macosx_10_15_universal2.whl", hash = "sha256:8dd18fdff0ac9759b8d67a714730abee07b2312e3656c20ba5affb0107094762", size = 3091150, upload-time = "2026-08-31T15:43:56.309Z" },
    { url = "https://files.pythonhosted.org/packages/a8/e1/3e6a409d6f99efb66c2f6d0a71986432ff9cc9aca0df9ff4a8bed1d850f6/fonttools-4.64.0-cp315-cp315-macosx_10_15_x86_64.whl", hash = "sha256:5af87d1a6d247d7467ee082ae977a5443b2c45f8cd4d59375b6daa38d523c2de", size = 2582833, upload-time = "2026-08-31T15:43:58.348Z" },
    { url = "https://files.pythonhosted.org/packages/91/7e/e8aec0e6eaf93267450535c1be9c9ae63e1d9c49659c2ffdb52c19982114/fonttools-4.64.0-cp315-cp315-manylinux2014_aarch64.manylinux_2_17_aarch64.manylinux_2_28_aarch64.whl", hash = "sha256:769fb64412ca237547ca73f111a64252d9e32c9d938bed51ed537bc9146a8f54", size = 5375327, upload-time = "2026-08-31T15:44:00.417Z" },
    { url = "https://files.pythonhosted.org/packages/61/d1/fa9ce5c1c3c0ef858a2cbe5632e9b6b137deca010b28d5d9a677e4aa89a7/fonttools-4.64.0-cp315-cp315-manylinux2014_x86_64.manylinux_2_17_x86_64.whl", hash = "sha256:e662f874ab2c7da9861584db44a13573e0936df087215f63013138f6e5eba083", size = 5338647, upload-time = "2026-08-31T15:44:02.62Z" },
    { url = "https://files.pythonhosted.org/packages/0d/13/e4d4fa3c166f7f5a8f9b6403ad9dcb3887cd05f8b9d2638bd2b43d2889ef/fonttools-4.64.0-cp315-cp315-musllinux_1_2_aarch64.whl", hash = "sha256:2524a26f8fdb9051b0d778d052f5d238285ca9f91a7dc004514c7d6cf38d35f4", size = 5313557, upload-time = "2026-08-31T15:44:05.037Z" },
    { url = "https://files.pythonhosted.org/packages/91/c8/5a352d69608ea7606f677080ede971090fc7340b9f143c0b4fa00cfbf63e/fonttools-4.64.0-cp315-cp315-musllinux_1_2_x86_64.whl", hash = "sha256:1e4e84b47839d35be24dbf476845a34f2ccf99707b66df125c1c414d3e86d25d", size = 5462363, upload-time = "2026-08-31T15:44:07.13Z" },
    { url = "https://files.pythonhosted.org/packages/4b/f1/b15b845f66b559a24a9c40859391bbd3048af3ac0fd04e45b57dca11c4c7/fonttools-4.64.0-cp315-cp315-win32.whl", hash = "sha256:be084d19a3ac0c8b2aba696680642d703118d3b1f18cf83f5b7dbaf0ffc62ab6", size = 2431682, upload-time = "2026-08-31T15:44:09.293Z" },
    { url = "https://files.pythonhosted.org/packages/c6/b2/909beff0d2e2e1adac896e36cff7f9d76fd154bcd57e303d8f09aee8f72b/fonttools-4.64.0-cp315-cp315-win_amd64.whl", hash = "sha256:de8acaa5f4160f537a3cf41b031171d51004b9f4aebfa6c194f18dffa9533d03", size = 2484393, upload-time = "2026-08-31T15:44:11.117Z" },
    { url = "https://files.pythonhosted.org/packages/40/47/06a51becf651cc071daa88e18ecb9f45ace9e3a570d8191ed8b3cae353fa/fonttools-4.64.0-cp315-cp315t-macosx_10_15_universal2.whl", hash = "sha256:5b90ad6637237b636d15c9ae8b7c4a7a1c194f33def378677e468c13fd4542f8", size = 3162235, upload-time = "2026-08-31T15:44:13.182Z" },
    { url = "https://files.pythonhosted.org/packages/dd/96/8b3faf58fd7ec3bb11943126658ad15b3f385068b23248deffccf2327ac1/fonttools-4.64.0-cp315-cp315t-macosx_10_15_x86_64.whl", hash = "sha256:fa75c7970bc6bca340cc6e20f20f069201bfcb50094c31a536fd99724d1d01ca", size = 2613507, upload-time = "2026-08-31T15:44:15.123Z" },
    { url = "https://files.pythonhosted.org/packages/bb/3a/223d1437e72d79f1549be7bafb3cc08f397e1d9c354a241a8ec8573b7d33/fonttools-4.64.0-cp315-cp315t-manylinux2014_aarch64.manylinux_2_17_aarch64.manylinux_2_28_aarch64.whl", hash = "sha256:236e59bc7e2a63557a4d7b013f9cb9e28d9aebc45bc09f85e545e6bf091db626", size = 5518005, upload-time = "2026-08-31T15:44:17.359Z" },
    { url = "https://files.pythonhosted.org/packages/9d/9f/6f1a4b40ae533b9e907b7e627e397be632d0d9fd6f6be7756cf458870279/fonttools-4.64.0-cp315-cp315t-manylinux2014_x86_64.manylinux_2_17_x86_64.whl", hash = "sha256:a515f664cad988f2295056833a59f62220bc3e46afdaffe389a29060f6712355", size = 5341654, upload-time = "2026-08-31T15:44:19.869Z" },
    { url = "https://files.pythonhosted.org/packages/52/f6/9ca30ba98730a22b527bcc1e02034f0b13b3be2ede764bb0fe8b8e0408d6/fonttools-4.64.0-cp315-cp315t-musllinux_1_2_aarch64.whl", hash = "sha256:5bfdaada437e7730c17d366bd7bb8c4a16639963ddbfc1b2f302a68a17a290e7", size = 5385994, upload-time = "2026-08-31T15:44:21.979Z" },
    { url = "https://files.pythonhosted.org/packages/09/27/baf1b61bff983bfec72cbb7b32162c4b68d76dc824aaaa48a1c26fa10b6b/fonttools-4.64.0-cp315-cp315t-musllinux_1_2_x86_64.whl", hash = "sha256:c60be0aed97a32c6ba8cee21f0d0477136e495451bd97910f589ac892db120d4", size = 5432407, upload-time = "2026-08-31T15:44:24.469Z" },
    { url = "https://files.pythonhosted.org/packages/21/ff/2eab37d43f2e2ccc0993959d8f2605d9a68470082c592684ac98611ee70a/fonttools-4.64.0-cp315-cp315t-win32.whl", hash = "sha256:f8669ce37851b597d3435b91fefa51139e58d506ca449ca0e5bb68c63b8b6d2b", size = 2463614, upload-time = "2026-08-31T15:44:27.198Z" },
    { url = "https://files.pythonhosted.org/packages/dc/8d/8bdff3ea656592197c8ef5062774221885468ffa01d8b0dc782dae23a83a/fonttools-4.64.0-cp315-cp315t-win_amd64.whl", hash = "sha256:89356c0793b474af7e49ec90d39fb2363e2341516a90460e38231df5ebe8acd5", size = 2512422, upload-time = "2026-08-31T15:44:29.478Z" },
    { url = "https://files.pythonhosted.org/packages/82/f8/7188153c4b265c899cd035de6a062677d51f67118a4ba640902bd9683e90/fonttools-4.64.0-py3-none-any.whl", hash = "sha256:4a05783ff54ce4c7a28f18e5772efdf63c219374bd9ffc55452182e1cef8be60", size = 1195327, upload-time = "2026-08-31T15:44:31.741Z" },
]

[[package]]
name = "pillow"
version = "12.1.0"
source = { registry = "https://pypi.org/simple" }
sdist = { url = "https://files.pythonhosted.org/packages/d0/02/d52c733a2452ef1ffcc123b68e6606d07276b0e358db70eabad7e40042b7/pillow-12.1.0.tar.gz", hash = "sha256:5c5ae0a06e9ea030ab786b0251b32c7e4ce10e58d983c0d5c56029455180b5b9", size = 46977283, upload-time = "2026-01-02T09:13:29.892Z" }
wheels = [
    { url = "https://files.pythonhosted.org/packages/8c/87/bdf971d8bbcf80a348cc3bacfcb239f5882100fe80534b0ce67a784181d8/pillow-12.1.0-cp314-cp314-ios_13_0_arm64_iphoneos.whl", hash = "sha256:5cb7bc1966d031aec37ddb9dcf15c2da5b2e9f7cc3ca7c54473a20a927e1eb91", size = 4062533, upload-time = "2026-01-02T09:12:20.791Z" },
    { url = "https://files.pythonhosted.org/packages/ff/4f/5eb37a681c68d605eb7034c004875c81f86ec9ef51f5be4a63eadd58859a/pillow-12.1.0-cp314-cp314-ios_13_0_arm64_iphonesimulator.whl", hash = "sha256:97e9993d5ed946aba26baf9c1e8cf18adbab584b99f452ee72f7ee8acb882796", size = 4138546, upload-time = "2026-01-02T09:12:23.664Z" },
    { url = "https://files.pythonhosted.org/packages/11/6d/19a95acb2edbace40dcd582d077b991646b7083c41b98da4ed7555b59733/pillow-12.1.0-cp314-cp314-ios_13_0_x86_64_iphonesimulator.whl", hash = "sha256:414b9a78e14ffeb98128863314e62c3f24b8a86081066625700b7985b3f529bd", size = 3601163, upload-time = "2026-01-02T09:12:26.338Z" },
    { url = "https://files.pythonhosted.org/packages/fc/36/2b8138e51cb42e4cc39c3297713455548be855a50558c3ac2beebdc251dd/pillow-12.1.0-cp314-cp314-macosx_10_15_x86_64.whl", hash = "sha256:e6bdb408f7c9dd2a5ff2b14a3b0bb6d4deb29fb9961e6eb3ae2031ae9a5cec13", size = 5266086, upload-time = "2026-01-02T09:12:28.782Z" },
    { url = "https://files.pythonhosted.org/packages/53/4b/649056e4d22e1caa90816bf99cef0884aed607ed38075bd75f091a607a38/pillow-12.1.0-cp314-cp314-macosx_11_0_arm64.whl", hash = "sha256:3413c2ae377550f5487991d444428f1a8ae92784aac79caa8b1e3b89b175f77e", size = 4657344, upload-time = "2026-01-02T09:12:31.117Z" },
    { url = "https://files.pythonhosted.org/packages/6c/6b/c5742cea0f1ade0cd61485dc3d81f05261fc2276f537fbdc00802de56779/pillow-12.1.0-cp314-cp314-manylinux2014_aarch64.manylinux_2_17_aarch64.whl", hash = "sha256:e5dcbe95016e88437ecf33544ba5db21ef1b8dd6e1b434a2cb2a3d605299e643", size = 6232114, upload-time = "2026-01-02T09:12:32.936Z" },
    { url = "https://files.pythonhosted.org/packages/bf/8f/9f521268ce22d63991601aafd3d48d5ff7280a246a1ef62d626d67b44064/pillow-12.1.0-cp314-cp314-manylinux2014_x86_64.manylinux_2_17_x86_64.whl", hash = "sha256:d0a7735df32ccbcc98b98a1ac785cc4b19b580be1bdf0aeb5c03223220ea09d5", size = 8042708, upload-time = "2026-01-02T09:12:34.78Z" },
    { url = "https://files.pythonhosted.org/packages/1a/eb/257f38542893f021502a1bbe0c2e883c90b5cff26cc33b1584a841a06d30/pillow-12.1.0-cp314-cp314-manylinux_2_27_aarch64.manylinux_2_28_aarch64.whl", hash = "sha256:0c27407a2d1b96774cbc4a7594129cc027339fd800cd081e44497722ea1179de", size = 6347762, upload-time = "2026-01-02T09:12:36.748Z" },
    { url = "https://files.pythonhosted.org/packages/c4/5a/8ba375025701c09b309e8d5163c5a4ce0102fa86bbf8800eb0d7ac87bc51/pillow-12.1.0-cp314-cp314-manylinux_2_27_x86_64.manylinux_2_28_x86_64.whl", hash = "sha256:15c794d74303828eaa957ff8070846d0efe8c630901a1c753fdc63850e19ecd9", size = 7039265, upload-time = "2026-01-02T09:12:39.082Z" },
    { url = "https://files.pythonhosted.org/packages/cf/dc/cf5e4cdb3db533f539e88a7bbf9f190c64ab8a08a9bc7a4ccf55067872e4/pillow-12.1.0-cp314-cp314-musllinux_1_2_aarch64.whl", hash = "sha256:c990547452ee2800d8506c4150280757f88532f3de2a58e3022e9b179107862a", size = 6462341, upload-time = "2026-01-02T09:12:40.946Z" },
    { url = "https://files.pythonhosted.org/packages/d0/47/0291a25ac9550677e22eda48510cfc4fa4b2ef0396448b7fbdc0a6946309/pillow-12.1.0-cp314-cp314-musllinux_1_2_x86_64.whl", hash = "sha256:b63e13dd27da389ed9475b3d28510f0f954bca0041e8e551b2a4eb1eab56a39a", size = 7165395, upload-time = "2026-01-02T09:12:42.706Z" },
    { url = "https://files.pythonhosted.org/packages/4f/4c/e005a59393ec4d9416be06e6b45820403bb946a778e39ecec62f5b2b991e/pillow-12.1.0-cp314-cp314-win32.whl", hash = "sha256:1a949604f73eb07a8adab38c4fe50791f9919344398bdc8ac6b307f755fc7030", size = 6431413, upload-time = "2026-01-02T09:12:44.944Z" },
    { url = "https://files.pythonhosted.org/packages/1c/af/f23697f587ac5f9095d67e31b81c95c0249cd461a9798a061ed6709b09b5/pillow-12.1.0-cp314-cp314-win_amd64.whl", hash = "sha256:4f9f6a650743f0ddee5593ac9e954ba1bdbc5e150bc066586d4f26127853ab94", size = 7176779, upload-time = "2026-01-02T09:12:46.727Z" },
    { url = "https://files.pythonhosted.org/packages/b3/36/6a51abf8599232f3e9afbd16d52829376a68909fe14efe29084445db4b73/pillow-12.1.0-cp314-cp314-win_arm64.whl", hash = "sha256:808b99604f7873c800c4840f55ff389936ef1948e4e87645eaf3fccbc8477ac4", size = 2543105, upload-time = "2026-01-02T09:12:49.243Z" },
    { url = "https://files.pythonhosted.org/packages/82/54/2e1dd20c8749ff225080d6ba465a0cab4387f5db0d1c5fb1439e2d99923f/pillow-12.1.0-cp314-cp314t-macosx_10_15_x86_64.whl", hash = "sha256:bc11908616c8a283cf7d664f77411a5ed2a02009b0097ff8abbba5e79128ccf2", size = 5268571, upload-time = "2026-01-02T09:12:51.11Z" },
    { url = "https://files.pythonhosted.org/packages/57/61/571163a5ef86ec0cf30d265ac2a70ae6fc9e28413d1dc94fa37fae6bda89/pillow-12.1.0-cp314-cp314t-macosx_11_0_arm64.whl", hash = "sha256:896866d2d436563fa2a43a9d72f417874f16b5545955c54a64941e87c1376c61", size = 4660426, upload-time = "2026-01-02T09:12:52.865Z" },
    { url = "https://files.pythonhosted.org/packages/5e/e1/53ee5163f794aef1bf84243f755ee6897a92c708505350dd1923f4afec48/pillow-12.1.0-cp314-cp314t-manylinux2014_aarch64.manylinux_2_17_aarch64.whl", hash = "sha256:8e178e3e99d3c0ea8fc64b88447f7cac8ccf058af422a6cedc690d0eadd98c51", size = 6269908, upload-time = "2026-01-02T09:12:54.884Z" },
    { url = "https://files.pythonhosted.org/packages/bc/0b/b4b4106ff0ee1afa1dc599fde6ab230417f800279745124f6c50bcffed8e/pillow-12.1.0-cp314-cp314t-manylinux2014_x86_64.manylinux_2_17_x86_64.whl", hash = "sha256:079af2fb0c599c2ec144ba2c02766d1b55498e373b3ac64687e43849fbbef5bc", size = 8074733, upload-time = "2026-01-02T09:12:56.802Z" },
    { url = "https://files.pythonhosted.org/packages/19/9f/80b411cbac4a732439e629a26ad3ef11907a8c7fc5377b7602f04f6fe4e7/pillow-12.1.0-cp314-cp314t-manylinux_2_27_aarch64.manylinux_2_28_aarch64.whl", hash = "sha256:bdec5e43377761c5dbca620efb69a77f6855c5a379e32ac5b158f54c84212b14", size = 6381431, upload-time = "2026-01-02T09:12:58.823Z" },
    { url = "https://files.pythonhosted.org/packages/8f/b7/d65c45db463b66ecb6abc17c6ba6917a911202a07662247e1355ce1789e7/pillow-12.1.0-cp314-cp314t-manylinux_2_27_x86_64.manylinux_2_28_x86_64.whl", hash = "sha256:565c986f4b45c020f5421a4cea13ef294dde9509a8577f29b2fc5edc7587fff8", size = 7068529, upload-time = "2026-01-02T09:13:00.885Z" },
    { url = "https://files.pythonhosted.org/packages/50/96/dfd4cd726b4a45ae6e3c669fc9e49deb2241312605d33aba50499e9d9bd1/pillow-12.1.0-cp314-cp314t-musllinux_1_2_aarch64.whl", hash = "sha256:43aca0a55ce1eefc0aefa6253661cb54571857b1a7b2964bd8a1e3ef4b729924", size = 6492981, upload-time = "2026-01-02T09:13:03.314Z" },
    { url = "https://files.pythonhosted.org/packages/4d/1c/b5dc52cf713ae46033359c5ca920444f18a6359ce1020dd3e9c553ea5bc6/pillow-12.1.0-cp314-cp314t-musllinux_1_2_x86_64.whl", hash = "sha256:0deedf2ea233722476b3a81e8cdfbad786f7adbed5d848469fa59fe52396e4ef", size = 7191878, upload-time = "2026-01-02T09:13:05.276Z" },
    { url = "https://files.pythonhosted.org/packages/53/26/c4188248bd5edaf543864fe4834aebe9c9cb4968b6f573ce014cc42d0720/pillow-12.1.0-cp314-cp314t-win32.whl", hash = "sha256:b17fbdbe01c196e7e159aacb889e091f28e61020a8abeac07b68079b6e626988", size = 6438703, upload-time = "2026-01-02T09:13:07.491Z" },
    { url = "https://files.pythonhosted.org/packages/b8/0e/69ed296de8ea05cb03ee139cee600f424ca166e632567b2d66727f08c7ed/pillow-12.1.0-cp314-cp314t-win_amd64.whl", hash = "sha256:27b9baecb428899db6c0de572d6d305cfaf38ca1596b5c0542a5182e3e74e8c6", size = 7182927, upload-time = "2026-01-02T09:13:09.841Z" },
    { url = "https://files.pythonhosted.org/packages/fc/f5/68334c015eed9b5cff77814258717dec591ded209ab5b6fb70e2ae873d1d/pillow-12.1.0-cp314-cp314t-win_arm64.whl", hash = "sha256:f61333d817698bdcdd0f9d7793e365ac3d2a21c1f1eb02b32ad6aefb8d8ea831", size = 2545104, upload-time = "2026-01-02T09:13:12.068Z" },
]
